
Microsoft Visual Studio Solution File, Format Version 12.00
# Visual Studio Version 17
VisualStudioVersion = 17.7.34202.233
MinimumVisualStudioVersion = 10.0.40219.1
Project("{FAE04EC0-301F-11D3-BF4B-00C04F79EFBC}") = "Accounting.App", "Accounting.App\Accounting.App.csproj", "{8EBFF0FF-CF9E-47D1-8C37-A9CD6BD32DFE}"
EndProject
Project("{FAE04EC0-301F-11D3-BF4B-00C04F79EFBC}") = "Accounting.DataLayer", "Accounting.DataLayer\Accounting.DataLayer.csproj", "{38FC8AE0-5750-4D14-A252-8BB4B9B76221}"
EndProject
Project("{FAE04EC0-301F-11D3-BF4B-00C04F79EFBC}") = "Accounting.Utilites", "Utilites\Accounting.Utilites.csproj", "{DA883E73-B845-4F36-85BD-D35B60DFC125}"
EndProject
Project("{FAE04EC0-301F-11D3-BF4B-00C04F79EFBC}") = "Accounting.ViewModels", "Accounting.ViewModels\Accounting.ViewModels.csproj", "{59659345-22AC-4F53-BB05-8669B7B440B6}"
EndProject
Project("{FAE04EC0-301F-11D3-BF4B-00C04F79EFBC}") = "Accounting.Business", "Accounting.Business\Accounting.Business.csproj", "{0A6E4B35-72AF-4F66-BF45-D99B16F2D885}"
EndProject
Global
	GlobalSection(SolutionConfigurationPlatforms) = preSolution
		Debug|Any CPU = Debug|Any CPU
		Debug|ARM = Debug|ARM
		Debug|ARM64 = Debug|ARM64
		Debug|x64 = Debug|x64
		Debug|x86 = Debug|x86
		Release|Any CPU = Release|Any CPU
		Release|ARM = Release|ARM
		Release|ARM64 = Release|ARM64
		Release|x64 = Release|x64
		Release|x86 = Release|x86
	EndGlobalSection
	GlobalSection(ProjectConfigurationPlatforms) = postSolution
		{8EBFF0FF-CF9E-47D1-8C37-A9CD6BD32DFE}.Debug|Any CPU.ActiveCfg = Debug|Any CPU
		{8EBFF0FF-CF9E-47D1-8C37-A9CD6BD32DFE}.Debug|Any CPU.Build.0 = Debug|Any CPU
		{8EBFF0FF-CF9E-47D1-8C37-A9CD6BD32DFE}.Debug|ARM.ActiveCfg = Debug|Any CPU
		{8EBFF0FF-CF9E-47D1-8C37-A9CD6BD32DFE}.Debug|ARM.Build.0 = Debug|Any CPU
		{8EBFF0FF-CF9E-47D1-8C37-A9CD6BD32DFE}.Debug|ARM64.ActiveCfg = Debug|Any CPU
		{8EBFF0FF-CF9E-47D1-8C37-A9CD6BD32DFE}.Debug|ARM64.Build.0 = Debug|Any CPU
		{8EBFF0FF-CF9E-47D1-8C37-A9CD6BD32DFE}.Debug|x64.ActiveCfg = Debug|Any CPU
		{8EBFF0FF-CF9E-47D1-8C37-A9CD6BD32DFE}.Debug|x64.Build.0 = Debug|Any CPU
		{8EBFF0FF-CF9E-47D1-8C37-A9CD6BD32DFE}.Debug|x86.ActiveCfg = Debug|Any CPU
		{8EBFF0FF-CF9E-47D1-8C37-A9CD6BD32DFE}.Debug|x86.Build.0 = Debug|Any CPU
		{8EBFF0FF-CF9E-47D1-8C37-A9CD6BD32DFE}.Release|Any CPU.ActiveCfg = Release|Any CPU
		{8EBFF0FF-CF9E-47D1-8C37-A9CD6BD32DFE}.Release|Any CPU.Build.0 = Release|Any CPU
		{8EBFF0FF-CF9E-47D1-8C37-A9CD6BD32DFE}.Release|ARM.ActiveCfg = Release|Any CPU
		{8EBFF0FF-CF9E-47D1-8C37-A9CD6BD32DFE}.Release|ARM.Build.0 = Release|Any CPU
		{8EBFF0FF-CF9E-47D1-8C37-A9CD6BD32DFE}.Release|ARM64.ActiveCfg = Release|Any CPU
		{8EBFF0FF-CF9E-47D1-8C37-A9CD6BD32DFE}.Release|ARM64.Build.0 = Release|Any CPU
		{8EBFF0FF-CF9E-47D1-8C37-A9CD6BD32DFE}.Release|x64.ActiveCfg = Release|Any CPU
		{8EBFF0FF-CF9E-47D1-8C37-A9CD6BD32DFE}.Release|x64.Build.0 = Release|Any CPU
		{8EBFF0FF-CF9E-47D1-8C37-A9CD6BD32DFE}.Release|x86.ActiveCfg = Release|Any CPU
		{8EBFF0FF-CF9E-47D1-8C37-A9CD6BD32DFE}.Release|x86.Build.0 = Release|Any CPU
		{38FC8AE0-5750-4D14-A252-8BB4B9B76221}.Debug|Any CPU.ActiveCfg = Debug|Any CPU
		{38FC8AE0-5750-4D14-A252-8BB4B9B76221}.Debug|Any CPU.Build.0 = Debug|Any CPU
		{38FC8AE0-5750-4D14-A252-8BB4B9B76221}.Debug|ARM.ActiveCfg = Debug|Any CPU
		{38FC8AE0-5750-4D14-A252-8BB4B9B76221}.Debug|ARM.Build.0 = Debug|Any CPU
		{38FC8AE0-5750-4D14-A252-8BB4B9B76221}.Debug|ARM64.ActiveCfg = Debug|Any CPU
		{38FC8AE0-5750-4D14-A252-8BB4B9B76221}.Debug|ARM64.Build.0 = Debug|Any CPU
		{38FC8AE0-5750-4D14-A252-8BB4B9B76221}.Debug|x64.ActiveCfg = Debug|Any CPU
		{38FC8AE0-5750-4D14-A252-8BB4B9B76221}.Debug|x64.Build.0 = Debug|Any CPU
		{38FC8AE0-5750-4D14-A252-8BB4B9B76221}.Debug|x86.ActiveCfg = Debug|Any CPU
		{38FC8AE0-5750-4D14-A252-8BB4B9B76221}.Debug|x86.Build.0 = Debug|Any CPU
		{38FC8AE0-5750-4D14-A252-8BB4B9B76221}.Release|Any CPU.ActiveCfg = Release|Any CPU
		{38FC8AE0-5750-4D14-A252-8BB4B9B76221}.Release|Any CPU.Build.0 = Release|Any CPU
		{38FC8AE0-5750-4D14-A252-8BB4B9B76221}.Release|ARM.ActiveCfg = Release|Any CPU
		{38FC8AE0-5750-4D14-A252-8BB4B9B76221}.Release|ARM.Build.0 = Release|Any CPU
		{38FC8AE0-5750-4D14-A252-8BB4B9B76221}.Release|ARM64.ActiveCfg = Release|Any CPU
		{38FC8AE0-5750-4D14-A252-8BB4B9B76221}.Release|ARM64.Build.0 = Release|Any CPU
		{38FC8AE0-5750-4D14-A252-8BB4B9B76221}.Release|x64.ActiveCfg = Release|Any CPU
		{38FC8AE0-5750-4D14-A252-8BB4B9B76221}.Release|x64.Build.0 = Release|Any CPU
		{38FC8AE0-5750-4D14-A252-8BB4B9B76221}.Release|x86.ActiveCfg = Release|Any CPU
		{38FC8AE0-5750-4D14-A252-8BB4B9B76221}.Release|x86.Build.0 = Release|Any CPU
		{DA883E73-B845-4F36-85BD-D35B60DFC125}.Debug|Any CPU.ActiveCfg = Debug|Any CPU
		{DA883E73-B845-4F36-85BD-D35B60DFC125}.Debug|Any CPU.Build.0 = Debug|Any CPU
		{DA883E73-B845-4F36-85BD-D35B60DFC125}.Debug|ARM.ActiveCfg = Debug|Any CPU
		{DA883E73-B845-4F36-85BD-D35B60DFC125}.Debug|ARM.Build.0 = Debug|Any CPU
		{DA883E73-B845-4F36-85BD-D35B60DFC125}.Debug|ARM64.ActiveCfg = Debug|Any CPU
		{DA883E73-B845-4F36-85BD-D35B60DFC125}.Debug|ARM64.Build.0 = Debug|Any CPU
		{DA883E73-B845-4F36-85BD-D35B60DFC125}.Debug|x64.ActiveCfg = Debug|Any CPU
		{DA883E73-B845-4F36-85BD-D35B60DFC125}.Debug|x64.Build.0 = Debug|Any CPU
		{DA883E73-B845-4F36-85BD-D35B60DFC125}.Debug|x86.ActiveCfg = Debug|Any CPU
		{DA883E73-B845-4F36-85BD-D35B60DFC125}.Debug|x86.Build.0 = Debug|Any CPU
		{DA883E73-B845-4F36-85BD-D35B60DFC125}.Release|Any CPU.ActiveCfg = Release|Any CPU
		{DA883E73-B845-4F36-85BD-D35B60DFC125}.Release|Any CPU.Build.0 = Release|Any CPU
		{DA883E73-B845-4F36-85BD-D35B60DFC125}.Release|ARM.ActiveCfg = Release|Any CPU
		{DA883E73-B845-4F36-85BD-D35B60DFC125}.Release|ARM.Build.0 = Release|Any CPU
		{DA883E73-B845-4F36-85BD-D35B60DFC125}.Release|ARM64.ActiveCfg = Release|Any CPU
		{DA883E73-B845-4F36-85BD-D35B60DFC125}.Release|ARM64.Build.0 = Release|Any CPU
		{DA883E73-B845-4F36-85BD-D35B60DFC125}.Release|x64.ActiveCfg = Release|Any CPU
		{DA883E73-B845-4F36-85BD-D35B60DFC125}.Release|x64.Build.0 = Release|Any CPU
		{DA883E73-B845-4F36-85BD-D35B60DFC125}.Release|x86.ActiveCfg = Release|Any CPU
		{DA883E73-B845-4F36-85BD-D35B60DFC125}.Release|x86.Build.0 = Release|Any CPU
		{59659345-22AC-4F53-BB05-8669B7B440B6}.Debug|Any CPU.ActiveCfg = Debug|Any CPU
		{59659345-22AC-4F53-BB05-8669B7B440B6}.Debug|Any CPU.Build.0 = Debug|Any CPU
		{59659345-22AC-4F53-BB05-8669B7B440B6}.Debug|ARM.ActiveCfg = Debug|Any CPU
		{59659345-22AC-4F53-BB05-8669B7B440B6}.Debug|ARM.Build.0 = Debug|Any CPU
		{59659345-22AC-4F53-BB05-8669B7B440B6}.Debug|ARM64.ActiveCfg = Debug|Any CPU
		{59659345-22AC-4F53-BB05-8669B7B440B6}.Debug|ARM64.Build.0 = Debug|Any CPU
		{59659345-22AC-4F53-BB05-8669B7B440B6}.Debug|x64.ActiveCfg = Debug|Any CPU
		{59659345-22AC-4F53-BB05-8669B7B440B6}.Debug|x64.Build.0 = Debug|Any CPU
		{59659345-22AC-4F53-BB05-8669B7B440B6}.Debug|x86.ActiveCfg = Debug|Any CPU
		{59659345-22AC-4F53-BB05-8669B7B440B6}.Debug|x86.Build.0 = Debug|Any CPU
		{59659345-22AC-4F53-BB05-8669B7B440B6}.Release|Any CPU.ActiveCfg = Release|Any CPU
		{59659345-22AC-4F53-BB05-8669B7B440B6}.Release|Any CPU.Build.0 = Release|Any CPU
		{59659345-22AC-4F53-BB05-8669B7B440B6}.Release|ARM.ActiveCfg = Release|Any CPU
		{59659345-22AC-4F53-BB05-8669B7B440B6}.Release|ARM.Build.0 = Release|Any CPU
		{59659345-22AC-4F53-BB05-8669B7B440B6}.Release|ARM64.ActiveCfg = Release|Any CPU
		{59659345-22AC-4F53-BB05-8669B7B440B6}.Release|ARM64.Build.0 = Release|Any CPU
		{59659345-22AC-4F53-BB05-8669B7B440B6}.Release|x64.ActiveCfg = Release|Any CPU
		{59659345-22AC-4F53-BB05-8669B7B440B6}.Release|x64.Build.0 = Release|Any CPU
		{59659345-22AC-4F53-BB05-8669B7B440B6}.Release|x86.ActiveCfg = Release|Any CPU
		{59659345-22AC-4F53-BB05-8669B7B440B6}.Release|x86.Build.0 = Release|Any CPU
		{0A6E4B35-72AF-4F66-BF45-D99B16F2D885}.Debug|Any CPU.ActiveCfg = Debug|Any CPU
		{0A6E4B35-72AF-4F66-BF45-D99B16F2D885}.Debug|Any CPU.Build.0 = Debug|Any CPU
		{0A6E4B35-72AF-4F66-BF45-D99B16F2D885}.Debug|ARM.ActiveCfg = Debug|Any CPU
		{0A6E4B35-72AF-4F66-BF45-D99B16F2D885}.Debug|ARM.Build.0 = Debug|Any CPU
		{0A6E4B35-72AF-4F66-BF45-D99B16F2D885}.Debug|ARM64.ActiveCfg = Debug|Any CPU
		{0A6E4B35-72AF-4F66-BF45-D99B16F2D885}.Debug|ARM64.Build.0 = Debug|Any CPU
		{0A6E4B35-72AF-4F66-BF45-D99B16F2D885}.Debug|x64.ActiveCfg = Debug|Any CPU
		{0A6E4B35-72AF-4F66-BF45-D99B16F2D885}.Debug|x64.Build.0 = Debug|Any CPU
		{0A6E4B35-72AF-4F66-BF45-D99B16F2D885}.Debug|x86.ActiveCfg = Debug|Any CPU
		{0A6E4B35-72AF-4F66-BF45-D99B16F2D885}.Debug|x86.Build.0 = Debug|Any CPU
		{0A6E4B35-72AF-4F66-BF45-D99B16F2D885}.Release|Any CPU.ActiveCfg = Release|Any CPU
		{0A6E4B35-72AF-4F66-BF45-D99B16F2D885}.Release|Any CPU.Build.0 = Release|Any CPU
		{0A6E4B35-72AF-4F66-BF45-D99B16F2D885}.Release|ARM.ActiveCfg = Release|Any CPU
		{0A6E4B35-72AF-4F66-BF45-D99B16F2D885}.Release|ARM.Build.0 = Release|Any CPU
		{0A6E4B35-72AF-4F66-BF45-D99B16F2D885}.Release|ARM64.ActiveCfg = Release|Any CPU
		{0A6E4B35-72AF-4F66-BF45-D99B16F2D885}.Release|ARM64.Build.0 = Release|Any CPU
		{0A6E4B35-72AF-4F66-BF45-D99B16F2D885}.Release|x64.ActiveCfg = Release|Any CPU
		{0A6E4B35-72AF-4F66-BF45-D99B16F2D885}.Release|x64.Build.0 = Release|Any CPU
		{0A6E4B35-72AF-4F66-BF45-D99B16F2D885}.Release|x86.ActiveCfg = Release|Any CPU
		{0A6E4B35-72AF-4F66-BF45-D99B16F2D885}.Release|x86.Build.0 = Release|Any CPU
	EndGlobalSection
	GlobalSection(SolutionProperties) = preSolution
		HideSolutionNode = FALSE
	EndGlobalSection
	GlobalSection(ExtensibilityGlobals) = postSolution
		SolutionGuid = {30B14B44-9262-49DA-AF09-0D2BFD561FE6}
	EndGlobalSection
EndGlobal
